
Microsoft Visual Studio Solution File, Format Version 12.00
# Visual Studio Version 16
VisualStudioVersion = 16.0.32106.194
MinimumVisualStudioVersion = 10.0.40219.1
Project("{9A19103F-16F7-4668-BE54-9A1E7A4F7556}") = "LuupsAndRandomNumbers_variant_2", "LuupsAndRandomNumbers_variant_2\LuupsAndRandomNumbers_variant_2.csproj", "{7A850F13-900A-4A2C-B17E-91ABD65A136E}"
EndProject
Project("{9A19103F-16F7-4668-BE54-9A1E7A4F7556}") = "PINInfiniteLoop", "PINInfiniteLoop\PINInfiniteLoop.csproj", "{879D49B2-B9AA-4033-826E-31519CD2BFE2}"
EndProject
Project("{9A19103F-16F7-4668-BE54-9A1E7A4F7556}") = "RandromNumber", "RandromNumber\RandromNumber.csproj", "{E3A4084E-A8C3-4D0E-941B-9BA627F9B3CA}"
EndProject
Project("{9A19103F-16F7-4668-BE54-9A1E7A4F7556}") = "GuessingGameInfinite", "GuessingGameInfinite\GuessingGameInfinite.csproj", "{EBB68EE9-9F96-419F-A8B6-5DC70BCEE530}"
EndProject
Project("{FAE04EC0-301F-11D3-BF4B-00C04F79EFBC}") = "GuessingGameThreeTries", "GuessingGameThreeTries\GuessingGameThreeTries.csproj", "{05C0CF22-0568-4175-87A1-6AE1C9F173AA}"
EndProject
Global
	GlobalSection(SolutionConfigurationPlatforms) = preSolution
		Debug|Any CPU = Debug|Any CPU
		Release|Any CPU = Release|Any CPU
	EndGlobalSection
	GlobalSection(ProjectConfigurationPlatforms) = postSolution
		{7A850F13-900A-4A2C-B17E-91ABD65A136E}.Debug|Any CPU.ActiveCfg = Debug|Any CPU
		{7A850F13-900A-4A2C-B17E-91ABD65A136E}.Debug|Any CPU.Build.0 = Debug|Any CPU
		{7A850F13-900A-4A2C-B17E-91ABD65A136E}.Release|Any CPU.ActiveCfg = Release|Any CPU
		{7A850F13-900A-4A2C-B17E-91ABD65A136E}.Release|Any CPU.Build.0 = Release|Any CPU
		{879D49B2-B9AA-4033-826E-31519CD2BFE2}.Debug|Any CPU.ActiveCfg = Debug|Any CPU
		{879D49B2-B9AA-4033-826E-31519CD2BFE2}.Debug|Any CPU.Build.0 = Debug|Any CPU
		{879D49B2-B9AA-4033-826E-31519CD2BFE2}.Release|Any CPU.ActiveCfg = Release|Any CPU
		{879D49B2-B9AA-4033-826E-31519CD2BFE2}.Release|Any CPU.Build.0 = Release|Any CPU
		{E3A4084E-A8C3-4D0E-941B-9BA627F9B3CA}.Debug|Any CPU.ActiveCfg = Debug|Any CPU
		{E3A4084E-A8C3-4D0E-941B-9BA627F9B3CA}.Debug|Any CPU.Build.0 = Debug|Any CPU
		{E3A4084E-A8C3-4D0E-941B-9BA627F9B3CA}.Release|Any CPU.ActiveCfg = Release|Any CPU
		{E3A4084E-A8C3-4D0E-941B-9BA627F9B3CA}.Release|Any CPU.Build.0 = Release|Any CPU
		{EBB68EE9-9F96-419F-A8B6-5DC70BCEE530}.Debug|Any CPU.ActiveCfg = Debug|Any CPU
		{EBB68EE9-9F96-419F-A8B6-5DC70BCEE530}.Debug|Any CPU.Build.0 = Debug|Any CPU
		{EBB68EE9-9F96-419F-A8B6-5DC70BCEE530}.Release|Any CPU.ActiveCfg = Release|Any CPU
		{EBB68EE9-9F96-419F-A8B6-5DC70BCEE530}.Release|Any CPU.Build.0 = Release|Any CPU
		{05C0CF22-0568-4175-87A1-6AE1C9F173AA}.Debug|Any CPU.ActiveCfg = Debug|Any CPU
		{05C0CF22-0568-4175-87A1-6AE1C9F173AA}.Debug|Any CPU.Build.0 = Debug|Any CPU
		{05C0CF22-0568-4175-87A1-6AE1C9F173AA}.Release|Any CPU.ActiveCfg = Release|Any CPU
		{05C0CF22-0568-4175-87A1-6AE1C9F173AA}.Release|Any CPU.Build.0 = Release|Any CPU
	EndGlobalSection
	GlobalSection(SolutionProperties) = preSolution
		HideSolutionNode = FALSE
	EndGlobalSection
	GlobalSection(ExtensibilityGlobals) = postSolution
		SolutionGuid = {AB04692B-7B48-4F84-83E1-374F3AB6EB52}
	EndGlobalSection
EndGlobal
